
Microsoft Visual Studio Solution File, Format Version 12.00
# Visual Studio 15
VisualStudioVersion = 15.0.26124.0
MinimumVisualStudioVersion = 15.0.26124.0
Project("{FAE04EC0-301F-11D3-BF4B-00C04F79EFBC}") = "calculator", "calculator\calculator.csproj", "{67A0AE7F-2B00-4919-83B0-909C6E566D7D}"
EndProject
Project("{FAE04EC0-301F-11D3-BF4B-00C04F79EFBC}") = "calculatorTest", "calculatorTest\calculatorTest.csproj", "{DCFB4046-0283-4023-B869-E4CF42B8311F}"
EndProject
Global
	GlobalSection(SolutionConfigurationPlatforms) = preSolution
		Debug|Any CPU = Debug|Any CPU
		Debug|x64 = Debug|x64
		Debug|x86 = Debug|x86
		Release|Any CPU = Release|Any CPU
		Release|x64 = Release|x64
		Release|x86 = Release|x86
	EndGlobalSection
	GlobalSection(SolutionProperties) = preSolution
		HideSolutionNode = FALSE
	EndGlobalSection
	GlobalSection(ProjectConfigurationPlatforms) = postSolution
		{67A0AE7F-2B00-4919-83B0-909C6E566D7D}.Debug|Any CPU.ActiveCfg = Debug|Any CPU
		{67A0AE7F-2B00-4919-83B0-909C6E566D7D}.Debug|Any CPU.Build.0 = Debug|Any CPU
		{67A0AE7F-2B00-4919-83B0-909C6E566D7D}.Debug|x64.ActiveCfg = Debug|x64
		{67A0AE7F-2B00-4919-83B0-909C6E566D7D}.Debug|x64.Build.0 = Debug|x64
		{67A0AE7F-2B00-4919-83B0-909C6E566D7D}.Debug|x86.ActiveCfg = Debug|x86
		{67A0AE7F-2B00-4919-83B0-909C6E566D7D}.Debug|x86.Build.0 = Debug|x86
		{67A0AE7F-2B00-4919-83B0-909C6E566D7D}.Release|Any CPU.ActiveCfg = Release|Any CPU
		{67A0AE7F-2B00-4919-83B0-909C6E566D7D}.Release|Any CPU.Build.0 = Release|Any CPU
		{67A0AE7F-2B00-4919-83B0-909C6E566D7D}.Release|x64.ActiveCfg = Release|x64
		{67A0AE7F-2B00-4919-83B0-909C6E566D7D}.Release|x64.Build.0 = Release|x64
		{67A0AE7F-2B00-4919-83B0-909C6E566D7D}.Release|x86.ActiveCfg = Release|x86
		{67A0AE7F-2B00-4919-83B0-909C6E566D7D}.Release|x86.Build.0 = Release|x86
		{DCFB4046-0283-4023-B869-E4CF42B8311F}.Debug|Any CPU.ActiveCfg = Debug|Any CPU
		{DCFB4046-0283-4023-B869-E4CF42B8311F}.Debug|Any CPU.Build.0 = Debug|Any CPU
		{DCFB4046-0283-4023-B869-E4CF42B8311F}.Debug|x64.ActiveCfg = Debug|x64
		{DCFB4046-0283-4023-B869-E4CF42B8311F}.Debug|x64.Build.0 = Debug|x64
		{DCFB4046-0283-4023-B869-E4CF42B8311F}.Debug|x86.ActiveCfg = Debug|x86
		{DCFB4046-0283-4023-B869-E4CF42B8311F}.Debug|x86.Build.0 = Debug|x86
		{DCFB4046-0283-4023-B869-E4CF42B8311F}.Release|Any CPU.ActiveCfg = Release|Any CPU
		{DCFB4046-0283-4023-B869-E4CF42B8311F}.Release|Any CPU.Build.0 = Release|Any CPU
		{DCFB4046-0283-4023-B869-E4CF42B8311F}.Release|x64.ActiveCfg = Release|x64
		{DCFB4046-0283-4023-B869-E4CF42B8311F}.Release|x64.Build.0 = Release|x64
		{DCFB4046-0283-4023-B869-E4CF42B8311F}.Release|x86.ActiveCfg = Release|x86
		{DCFB4046-0283-4023-B869-E4CF42B8311F}.Release|x86.Build.0 = Release|x86
		{E544EE74-943C-44B5-AB36-6567A5015BA5}.Debug|Any CPU.ActiveCfg = Debug|Any CPU
		{E544EE74-943C-44B5-AB36-6567A5015BA5}.Debug|Any CPU.Build.0 = Debug|Any CPU
		{E544EE74-943C-44B5-AB36-6567A5015BA5}.Debug|x64.ActiveCfg = Debug|x64
		{E544EE74-943C-44B5-AB36-6567A5015BA5}.Debug|x64.Build.0 = Debug|x64
		{E544EE74-943C-44B5-AB36-6567A5015BA5}.Debug|x86.ActiveCfg = Debug|x86
		{E544EE74-943C-44B5-AB36-6567A5015BA5}.Debug|x86.Build.0 = Debug|x86
		{E544EE74-943C-44B5-AB36-6567A5015BA5}.Release|Any CPU.ActiveCfg = Release|Any CPU
		{E544EE74-943C-44B5-AB36-6567A5015BA5}.Release|Any CPU.Build.0 = Release|Any CPU
		{E544EE74-943C-44B5-AB36-6567A5015BA5}.Release|x64.ActiveCfg = Release|x64
		{E544EE74-943C-44B5-AB36-6567A5015BA5}.Release|x64.Build.0 = Release|x64
		{E544EE74-943C-44B5-AB36-6567A5015BA5}.Release|x86.ActiveCfg = Release|x86
		{E544EE74-943C-44B5-AB36-6567A5015BA5}.Release|x86.Build.0 = Release|x86
	EndGlobalSection
EndGlobal
